
Microsoft Visual Studio Solution File, Format Version 12.00
# Visual Studio Version 17
VisualStudioVersion = 17.7.34202.233
MinimumVisualStudioVersion = 10.0.40219.1
Project("{8BC9CEB8-8B4A-11D0-8D11-00A0C91BC942}") = "CellularAutomata", "CellularAutomata\CellularAutomata.vcxproj", "{C6AA40AB-B83B-413A-9EEA-AD34B5BCFDB4}"
EndProject
Global
	GlobalSection(SolutionConfigurationPlatforms) = preSolution
		Debug|x64 = Debug|x64
		Release|x64 = Release|x64
	EndGlobalSection
	GlobalSection(ProjectConfigurationPlatforms) = postSolution
		{C6AA40AB-B83B-413A-9EEA-AD34B5BCFDB4}.Debug|x64.ActiveCfg = Debug|x64
		{C6AA40AB-B83B-413A-9EEA-AD34B5BCFDB4}.Debug|x64.Build.0 = Debug|x64
		{C6AA40AB-B83B-413A-9EEA-AD34B5BCFDB4}.Release|x64.ActiveCfg = Release|x64
		{C6AA40AB-B83B-413A-9EEA-AD34B5BCFDB4}.Release|x64.Build.0 = Release|x64
	EndGlobalSection
	GlobalSection(SolutionProperties) = preSolution
		HideSolutionNode = FALSE
	EndGlobalSection
	GlobalSection(ExtensibilityGlobals) = postSolution
		SolutionGuid = {64C5D266-6465-45B4-8F4A-72ADAE353D06}
	EndGlobalSection
EndGlobal
